
Microsoft Visual Studio Solution File, Format Version 12.00
# Visual Studio Version 17
VisualStudioVersion = 17.1.32421.90
MinimumVisualStudioVersion = 10.0.40219.1
Project("{FAE04EC0-301F-11D3-BF4B-00C04F79EFBC}") = "Interview Question", "Interview Question\Interview Question.csproj", "{78BD10F1-1AF3-4F0C-880E-D4158674EA8F}"
EndProject
Global
	GlobalSection(SolutionConfigurationPlatforms) = preSolution
		Debug|Any CPU = Debug|Any CPU
		Release|Any CPU = Release|Any CPU
	EndGlobalSection
	GlobalSection(ProjectConfigurationPlatforms) = postSolution
		{78BD10F1-1AF3-4F0C-880E-D4158674EA8F}.Debug|Any CPU.ActiveCfg = Debug|Any CPU
		{78BD10F1-1AF3-4F0C-880E-D4158674EA8F}.Debug|Any CPU.Build.0 = Debug|Any CPU
		{78BD10F1-1AF3-4F0C-880E-D4158674EA8F}.Release|Any CPU.ActiveCfg = Release|Any CPU
		{78BD10F1-1AF3-4F0C-880E-D4158674EA8F}.Release|Any CPU.Build.0 = Release|Any CPU
	EndGlobalSection
	GlobalSection(SolutionProperties) = preSolution
		HideSolutionNode = FALSE
	EndGlobalSection
	GlobalSection(ExtensibilityGlobals) = postSolution
		SolutionGuid = {8A88A05D-2E18-4368-9F4F-801EDD965E0B}
	EndGlobalSection
EndGlobal
